
Microsoft Visual Studio Solution File, Format Version 12.00
# Visual Studio 15
VisualStudioVersion = 15.0.27703.2035
MinimumVisualStudioVersion = 10.0.40219.1
Project("{FAE04EC0-301F-11D3-BF4B-00C04F79EFBC}") = "XamaFilm.Android", "XamaFilm\XamaFilm.Android\XamaFilm.Android.csproj", "{A2BA3896-3467-4E9D-A928-7843D5ECF7AB}"
EndProject
Project("{FAE04EC0-301F-11D3-BF4B-00C04F79EFBC}") = "XamaFilm.iOS", "XamaFilm\XamaFilm.iOS\XamaFilm.iOS.csproj", "{AE09EE12-1A4F-4281-9999-C3AD34EE7F48}"
EndProject
Project("{FAE04EC0-301F-11D3-BF4B-00C04F79EFBC}") = "XamaFilm.UWP", "XamaFilm\XamaFilm.UWP\XamaFilm.UWP.csproj", "{586A7D10-E3D0-425E-A6E9-ECF4D21CFC60}"
EndProject
Project("{FAE04EC0-301F-11D3-BF4B-00C04F79EFBC}") = "XamaFilm", "XamaFilm\XamaFilm\XamaFilm.csproj", "{B5E7C52F-487F-4299-905F-13560A3B890B}"
EndProject
Global
	GlobalSection(SolutionConfigurationPlatforms) = preSolution
		Ad-Hoc|Any CPU = Ad-Hoc|Any CPU
		Ad-Hoc|ARM = Ad-Hoc|ARM
		Ad-Hoc|iPhone = Ad-Hoc|iPhone
		Ad-Hoc|iPhoneSimulator = Ad-Hoc|iPhoneSimulator
		Ad-Hoc|x64 = Ad-Hoc|x64
		Ad-Hoc|x86 = Ad-Hoc|x86
		AppStore|Any CPU = AppStore|Any CPU
		AppStore|ARM = AppStore|ARM
		AppStore|iPhone = AppStore|iPhone
		AppStore|iPhoneSimulator = AppStore|iPhoneSimulator
		AppStore|x64 = AppStore|x64
		AppStore|x86 = AppStore|x86
		Debug|Any CPU = Debug|Any CPU
		Debug|ARM = Debug|ARM
		Debug|iPhone = Debug|iPhone
		Debug|iPhoneSimulator = Debug|iPhoneSimulator
		Debug|x64 = Debug|x64
		Debug|x86 = Debug|x86
		Release|Any CPU = Release|Any CPU
		Release|ARM = Release|ARM
		Release|iPhone = Release|iPhone
		Release|iPhoneSimulator = Release|iPhoneSimulator
		Release|x64 = Release|x64
		Release|x86 = Release|x86
	EndGlobalSection
	GlobalSection(ProjectConfigurationPlatforms) = postSolution
		{A2BA3896-3467-4E9D-A928-7843D5ECF7AB}.Ad-Hoc|Any CPU.ActiveCfg = Release|Any CPU
		{A2BA3896-3467-4E9D-A928-7843D5ECF7AB}.Ad-Hoc|Any CPU.Build.0 = Release|Any CPU
		{A2BA3896-3467-4E9D-A928-7843D5ECF7AB}.Ad-Hoc|Any CPU.Deploy.0 = Release|Any CPU
		{A2BA3896-3467-4E9D-A928-7843D5ECF7AB}.Ad-Hoc|ARM.ActiveCfg = Release|Any CPU
		{A2BA3896-3467-4E9D-A928-7843D5ECF7AB}.Ad-Hoc|ARM.Build.0 = Release|Any CPU
		{A2BA3896-3467-4E9D-A928-7843D5ECF7AB}.Ad-Hoc|ARM.Deploy.0 = Release|Any CPU
		{A2BA3896-3467-4E9D-A928-7843D5ECF7AB}.Ad-Hoc|iPhone.ActiveCfg = Release|Any CPU
		{A2BA3896-3467-4E9D-A928-7843D5ECF7AB}.Ad-Hoc|iPhone.Build.0 = Release|Any CPU
		{A2BA3896-3467-4E9D-A928-7843D5ECF7AB}.Ad-Hoc|iPhone.Deploy.0 = Release|Any CPU
		{A2BA3896-3467-4E9D-A928-7843D5ECF7AB}.Ad-Hoc|iPhoneSimulator.ActiveCfg = Release|Any CPU
		{A2BA3896-3467-4E9D-A928-7843D5ECF7AB}.Ad-Hoc|iPhoneSimulator.Build.0 = Release|Any CPU
		{A2BA3896-3467-4E9D-A928-7843D5ECF7AB}.Ad-Hoc|iPhoneSimulator.Deploy.0 = Release|Any CPU
		{A2BA3896-3467-4E9D-A928-7843D5ECF7AB}.Ad-Hoc|x64.ActiveCfg = Release|Any CPU
		{A2BA3896-3467-4E9D-A928-7843D5ECF7AB}.Ad-Hoc|x64.Build.0 = Release|Any CPU
		{A2BA3896-3467-4E9D-A928-7843D5ECF7AB}.Ad-Hoc|x64.Deploy.0 = Release|Any CPU
		{A2BA3896-3467-4E9D-A928-7843D5ECF7AB}.Ad-Hoc|x86.ActiveCfg = Release|Any CPU
		{A2BA3896-3467-4E9D-A928-7843D5ECF7AB}.Ad-Hoc|x86.Build.0 = Release|Any CPU
		{A2BA3896-3467-4E9D-A928-7843D5ECF7AB}.Ad-Hoc|x86.Deploy.0 = Release|Any CPU
		{A2BA3896-3467-4E9D-A928-7843D5ECF7AB}.AppStore|Any CPU.ActiveCfg = Release|Any CPU
		{A2BA3896-3467-4E9D-A928-7843D5ECF7AB}.AppStore|Any CPU.Build.0 = Release|Any CPU
		{A2BA3896-3467-4E9D-A928-7843D5ECF7AB}.AppStore|Any CPU.Deploy.0 = Release|Any CPU
		{A2BA3896-3467-4E9D-A928-7843D5ECF7AB}.AppStore|ARM.ActiveCfg = Release|Any CPU
		{A2BA3896-3467-4E9D-A928-7843D5ECF7AB}.AppStore|ARM.Build.0 = Release|Any CPU
		{A2BA3896-3467-4E9D-A928-7843D5ECF7AB}.AppStore|ARM.Deploy.0 = Release|Any CPU
		{A2BA3896-3467-4E9D-A928-7843D5ECF7AB}.AppStore|iPhone.ActiveCfg = Release|Any CPU
		{A2BA3896-3467-4E9D-A928-7843D5ECF7AB}.AppStore|iPhone.Build.0 = Release|Any CPU
		{A2BA3896-3467-4E9D-A928-7843D5ECF7AB}.AppStore|iPhone.Deploy.0 = Release|Any CPU
		{A2BA3896-3467-4E9D-A928-7843D5ECF7AB}.AppStore|iPhoneSimulator.ActiveCfg = Release|Any CPU
		{A2BA3896-3467-4E9D-A928-7843D5ECF7AB}.AppStore|iPhoneSimulator.Build.0 = Release|Any CPU
		{A2BA3896-3467-4E9D-A928-7843D5ECF7AB}.AppStore|iPhoneSimulator.Deploy.0 = Release|Any CPU
		{A2BA3896-3467-4E9D-A928-7843D5ECF7AB}.AppStore|x64.ActiveCfg = Release|Any CPU
		{A2BA3896-3467-4E9D-A928-7843D5ECF7AB}.AppStore|x64.Build.0 = Release|Any CPU
		{A2BA3896-3467-4E9D-A928-7843D5ECF7AB}.AppStore|x64.Deploy.0 = Release|Any CPU
		{A2BA3896-3467-4E9D-A928-7843D5ECF7AB}.AppStore|x86.ActiveCfg = Release|Any CPU
		{A2BA3896-3467-4E9D-A928-7843D5ECF7AB}.AppStore|x86.Build.0 = Release|Any CPU
		{A2BA3896-3467-4E9D-A928-7843D5ECF7AB}.AppStore|x86.Deploy.0 = Release|Any CPU
		{A2BA3896-3467-4E9D-A928-7843D5ECF7AB}.Debug|Any CPU.ActiveCfg = Debug|Any CPU
		{A2BA3896-3467-4E9D-A928-7843D5ECF7AB}.Debug|Any CPU.Build.0 = Debug|Any CPU
		{A2BA3896-3467-4E9D-A928-7843D5ECF7AB}.Debug|Any CPU.Deploy.0 = Debug|Any CPU
		{A2BA3896-3467-4E9D-A928-7843D5ECF7AB}.Debug|ARM.ActiveCfg = Debug|Any CPU
		{A2BA3896-3467-4E9D-A928-7843D5ECF7AB}.Debug|ARM.Build.0 = Debug|Any CPU
		{A2BA3896-3467-4E9D-A928-7843D5ECF7AB}.Debug|ARM.Deploy.0 = Debug|Any CPU
		{A2BA3896-3467-4E9D-A928-7843D5ECF7AB}.Debug|iPhone.ActiveCfg = Debug|Any CPU
		{A2BA3896-3467-4E9D-A928-7843D5ECF7AB}.Debug|iPhone.Build.0 = Debug|Any CPU
		{A2BA3896-3467-4E9D-A928-7843D5ECF7AB}.Debug|iPhone.Deploy.0 = Debug|Any CPU
		{A2BA3896-3467-4E9D-A928-7843D5ECF7AB}.Debug|iPhoneSimulator.ActiveCfg = Debug|Any CPU
		{A2BA3896-3467-4E9D-A928-7843D5ECF7AB}.Debug|iPhoneSimulator.Build.0 = Debug|Any CPU
		{A2BA3896-3467-4E9D-A928-7843D5ECF7AB}.Debug|iPhoneSimulator.Deploy.0 = Debug|Any CPU
		{A2BA3896-3467-4E9D-A928-7843D5ECF7AB}.Debug|x64.ActiveCfg = Debug|Any CPU
		{A2BA3896-3467-4E9D-A928-7843D5ECF7AB}.Debug|x64.Build.0 = Debug|Any CPU
		{A2BA3896-3467-4E9D-A928-7843D5ECF7AB}.Debug|x64.Deploy.0 = Debug|Any CPU
		{A2BA3896-3467-4E9D-A928-7843D5ECF7AB}.Debug|x86.ActiveCfg = Debug|Any CPU
		{A2BA3896-3467-4E9D-A928-7843D5ECF7AB}.Debug|x86.Build.0 = Debug|Any CPU
		{A2BA3896-3467-4E9D-A928-7843D5ECF7AB}.Debug|x86.Deploy.0 = Debug|Any CPU
		{A2BA3896-3467-4E9D-A928-7843D5ECF7AB}.Release|Any CPU.ActiveCfg = Release|Any CPU
		{A2BA3896-3467-4E9D-A928-7843D5ECF7AB}.Release|Any CPU.Build.0 = Release|Any CPU
		{A2BA3896-3467-4E9D-A928-7843D5ECF7AB}.Release|Any CPU.Deploy.0 = Release|Any CPU
		{A2BA3896-3467-4E9D-A928-7843D5ECF7AB}.Release|ARM.ActiveCfg = Release|Any CPU
		{A2BA3896-3467-4E9D-A928-7843D5ECF7AB}.Release|ARM.Build.0 = Release|Any CPU
		{A2BA3896-3467-4E9D-A928-7843D5ECF7AB}.Release|ARM.Deploy.0 = Release|Any CPU
		{A2BA3896-3467-4E9D-A928-7843D5ECF7AB}.Release|iPhone.ActiveCfg = Release|Any CPU
		{A2BA3896-3467-4E9D-A928-7843D5ECF7AB}.Release|iPhone.Build.0 = Release|Any CPU
		{A2BA3896-3467-4E9D-A928-7843D5ECF7AB}.Release|iPhone.Deploy.0 = Release|Any CPU
		{A2BA3896-3467-4E9D-A928-7843D5ECF7AB}.Release|iPhoneSimulator.ActiveCfg = Release|Any CPU
		{A2BA3896-3467-4E9D-A928-7843D5ECF7AB}.Release|iPhoneSimulator.Build.0 = Release|Any CPU
		{A2BA3896-3467-4E9D-A928-7843D5ECF7AB}.Release|iPhoneSimulator.Deploy.0 = Release|Any CPU
		{A2BA3896-3467-4E9D-A928-7843D5ECF7AB}.Release|x64.ActiveCfg = Release|Any CPU
		{A2BA3896-3467-4E9D-A928-7843D5ECF7AB}.Release|x64.Build.0 = Release|Any CPU
		{A2BA3896-3467-4E9D-A928-7843D5ECF7AB}.Release|x64.Deploy.0 = Release|Any CPU
		{A2BA3896-3467-4E9D-A928-7843D5ECF7AB}.Release|x86.ActiveCfg = Release|Any CPU
		{A2BA3896-3467-4E9D-A928-7843D5ECF7AB}.Release|x86.Build.0 = Release|Any CPU
		{A2BA3896-3467-4E9D-A928-7843D5ECF7AB}.Release|x86.Deploy.0 = Release|Any CPU
		{AE09EE12-1A4F-4281-9999-C3AD34EE7F48}.Ad-Hoc|Any CPU.ActiveCfg = Ad-Hoc|iPhone
		{AE09EE12-1A4F-4281-9999-C3AD34EE7F48}.Ad-Hoc|Any CPU.Build.0 = Ad-Hoc|iPhone
		{AE09EE12-1A4F-4281-9999-C3AD34EE7F48}.Ad-Hoc|Any CPU.Deploy.0 = Ad-Hoc|iPhone
		{AE09EE12-1A4F-4281-9999-C3AD34EE7F48}.Ad-Hoc|ARM.ActiveCfg = Ad-Hoc|iPhone
		{AE09EE12-1A4F-4281-9999-C3AD34EE7F48}.Ad-Hoc|ARM.Build.0 = Ad-Hoc|iPhone
		{AE09EE12-1A4F-4281-9999-C3AD34EE7F48}.Ad-Hoc|ARM.Deploy.0 = Ad-Hoc|iPhone
		{AE09EE12-1A4F-4281-9999-C3AD34EE7F48}.Ad-Hoc|iPhone.ActiveCfg = Ad-Hoc|iPhone
		{AE09EE12-1A4F-4281-9999-C3AD34EE7F48}.Ad-Hoc|iPhone.Build.0 = Ad-Hoc|iPhone
		{AE09EE12-1A4F-4281-9999-C3AD34EE7F48}.Ad-Hoc|iPhone.Deploy.0 = Ad-Hoc|iPhone
		{AE09EE12-1A4F-4281-9999-C3AD34EE7F48}.Ad-Hoc|iPhoneSimulator.ActiveCfg = Ad-Hoc|iPhoneSimulator
		{AE09EE12-1A4F-4281-9999-C3AD34EE7F48}.Ad-Hoc|iPhoneSimulator.Build.0 = Ad-Hoc|iPhoneSimulator
		{AE09EE12-1A4F-4281-9999-C3AD34EE7F48}.Ad-Hoc|iPhoneSimulator.Deploy.0 = Ad-Hoc|iPhoneSimulator
		{AE09EE12-1A4F-4281-9999-C3AD34EE7F48}.Ad-Hoc|x64.ActiveCfg = Ad-Hoc|iPhone
		{AE09EE12-1A4F-4281-9999-C3AD34EE7F48}.Ad-Hoc|x64.Build.0 = Ad-Hoc|iPhone
		{AE09EE12-1A4F-4281-9999-C3AD34EE7F48}.Ad-Hoc|x64.Deploy.0 = Ad-Hoc|iPhone
		{AE09EE12-1A4F-4281-9999-C3AD34EE7F48}.Ad-Hoc|x86.ActiveCfg = Ad-Hoc|iPhone
		{AE09EE12-1A4F-4281-9999-C3AD34EE7F48}.Ad-Hoc|x86.Build.0 = Ad-Hoc|iPhone
		{AE09EE12-1A4F-4281-9999-C3AD34EE7F48}.Ad-Hoc|x86.Deploy.0 = Ad-Hoc|iPhone
		{AE09EE12-1A4F-4281-9999-C3AD34EE7F48}.AppStore|Any CPU.ActiveCfg = AppStore|iPhone
		{AE09EE12-1A4F-4281-9999-C3AD34EE7F48}.AppStore|Any CPU.Build.0 = AppStore|iPhone
		{AE09EE12-1A4F-4281-9999-C3AD34EE7F48}.AppStore|Any CPU.Deploy.0 = AppStore|iPhone
		{AE09EE12-1A4F-4281-9999-C3AD34EE7F48}.AppStore|ARM.ActiveCfg = AppStore|iPhone
		{AE09EE12-1A4F-4281-9999-C3AD34EE7F48}.AppStore|ARM.Build.0 = AppStore|iPhone
		{AE09EE12-1A4F-4281-9999-C3AD34EE7F48}.AppStore|ARM.Deploy.0 = AppStore|iPhone
		{AE09EE12-1A4F-4281-9999-C3AD34EE7F48}.AppStore|iPhone.ActiveCfg = AppStore|iPhone
		{AE09EE12-1A4F-4281-9999-C3AD34EE7F48}.AppStore|iPhone.Build.0 = AppStore|iPhone
		{AE09EE12-1A4F-4281-9999-C3AD34EE7F48}.AppStore|iPhone.Deploy.0 = AppStore|iPhone
		{AE09EE12-1A4F-4281-9999-C3AD34EE7F48}.AppStore|iPhoneSimulator.ActiveCfg = AppStore|iPhoneSimulator
		{AE09EE12-1A4F-4281-9999-C3AD34EE7F48}.AppStore|iPhoneSimulator.Build.0 = AppStore|iPhoneSimulator
		{AE09EE12-1A4F-4281-9999-C3AD34EE7F48}.AppStore|iPhoneSimulator.Deploy.0 = AppStore|iPhoneSimulator
		{AE09EE12-1A4F-4281-9999-C3AD34EE7F48}.AppStore|x64.ActiveCfg = AppStore|iPhone
		{AE09EE12-1A4F-4281-9999-C3AD34EE7F48}.AppStore|x64.Build.0 = AppStore|iPhone
		{AE09EE12-1A4F-4281-9999-C3AD34EE7F48}.AppStore|x64.Deploy.0 = AppStore|iPhone
		{AE09EE12-1A4F-4281-9999-C3AD34EE7F48}.AppStore|x86.ActiveCfg = AppStore|iPhone
		{AE09EE12-1A4F-4281-9999-C3AD34EE7F48}.AppStore|x86.Build.0 = AppStore|iPhone
		{AE09EE12-1A4F-4281-9999-C3AD34EE7F48}.AppStore|x86.Deploy.0 = AppStore|iPhone
		{AE09EE12-1A4F-4281-9999-C3AD34EE7F48}.Debug|Any CPU.ActiveCfg = Debug|iPhoneSimulator
		{AE09EE12-1A4F-4281-9999-C3AD34EE7F48}.Debug|Any CPU.Build.0 = Debug|iPhoneSimulator
		{AE09EE12-1A4F-4281-9999-C3AD34EE7F48}.Debug|Any CPU.Deploy.0 = Debug|iPhoneSimulator
		{AE09EE12-1A4F-4281-9999-C3AD34EE7F48}.Debug|ARM.ActiveCfg = Debug|iPhone
		{AE09EE12-1A4F-4281-9999-C3AD34EE7F48}.Debug|ARM.Build.0 = Debug|iPhone
		{AE09EE12-1A4F-4281-9999-C3AD34EE7F48}.Debug|ARM.Deploy.0 = Debug|iPhone
		{AE09EE12-1A4F-4281-9999-C3AD34EE7F48}.Debug|iPhone.ActiveCfg = Debug|iPhone
		{AE09EE12-1A4F-4281-9999-C3AD34EE7F48}.Debug|iPhone.Build.0 = Debug|iPhone
		{AE09EE12-1A4F-4281-9999-C3AD34EE7F48}.Debug|iPhone.Deploy.0 = Debug|iPhone
		{AE09EE12-1A4F-4281-9999-C3AD34EE7F48}.Debug|iPhoneSimulator.ActiveCfg = Debug|iPhoneSimulator
		{AE09EE12-1A4F-4281-9999-C3AD34EE7F48}.Debug|iPhoneSimulator.Build.0 = Debug|iPhoneSimulator
		{AE09EE12-1A4F-4281-9999-C3AD34EE7F48}.Debug|iPhoneSimulator.Deploy.0 = Debug|iPhoneSimulator
		{AE09EE12-1A4F-4281-9999-C3AD34EE7F48}.Debug|x64.ActiveCfg = Debug|iPhone
		{AE09EE12-1A4F-4281-9999-C3AD34EE7F48}.Debug|x64.Build.0 = Debug|iPhone
		{AE09EE12-1A4F-4281-9999-C3AD34EE7F48}.Debug|x64.Deploy.0 = Debug|iPhone
		{AE09EE12-1A4F-4281-9999-C3AD34EE7F48}.Debug|x86.ActiveCfg = Debug|iPhone
		{AE09EE12-1A4F-4281-9999-C3AD34EE7F48}.Debug|x86.Build.0 = Debug|iPhone
		{AE09EE12-1A4F-4281-9999-C3AD34EE7F48}.Debug|x86.Deploy.0 = Debug|iPhone
		{AE09EE12-1A4F-4281-9999-C3AD34EE7F48}.Release|Any CPU.ActiveCfg = Release|iPhone
		{AE09EE12-1A4F-4281-9999-C3AD34EE7F48}.Release|Any CPU.Build.0 = Release|iPhone
		{AE09EE12-1A4F-4281-9999-C3AD34EE7F48}.Release|Any CPU.Deploy.0 = Release|iPhone
		{AE09EE12-1A4F-4281-9999-C3AD34EE7F48}.Release|ARM.ActiveCfg = Release|iPhone
		{AE09EE12-1A4F-4281-9999-C3AD34EE7F48}.Release|ARM.Build.0 = Release|iPhone
		{AE09EE12-1A4F-4281-9999-C3AD34EE7F48}.Release|ARM.Deploy.0 = Release|iPhone
		{AE09EE12-1A4F-4281-9999-C3AD34EE7F48}.Release|iPhone.ActiveCfg = Release|iPhone
		{AE09EE12-1A4F-4281-9999-C3AD34EE7F48}.Release|iPhone.Build.0 = Release|iPhone
		{AE09EE12-1A4F-4281-9999-C3AD34EE7F48}.Release|iPhone.Deploy.0 = Release|iPhone
		{AE09EE12-1A4F-4281-9999-C3AD34EE7F48}.Release|iPhoneSimulator.ActiveCfg = Release|iPhoneSimulator
		{AE09EE12-1A4F-4281-9999-C3AD34EE7F48}.Release|iPhoneSimulator.Build.0 = Release|iPhoneSimulator
		{AE09EE12-1A4F-4281-9999-C3AD34EE7F48}.Release|iPhoneSimulator.Deploy.0 = Release|iPhoneSimulator
		{AE09EE12-1A4F-4281-9999-C3AD34EE7F48}.Release|x64.ActiveCfg = Release|iPhone
		{AE09EE12-1A4F-4281-9999-C3AD34EE7F48}.Release|x64.Build.0 = Release|iPhone
		{AE09EE12-1A4F-4281-9999-C3AD34EE7F48}.Release|x64.Deploy.0 = Release|iPhone
		{AE09EE12-1A4F-4281-9999-C3AD34EE7F48}.Release|x86.ActiveCfg = Release|iPhone
		{AE09EE12-1A4F-4281-9999-C3AD34EE7F48}.Release|x86.Build.0 = Release|iPhone
		{AE09EE12-1A4F-4281-9999-C3AD34EE7F48}.Release|x86.Deploy.0 = Release|iPhone
		{586A7D10-E3D0-425E-A6E9-ECF4D21CFC60}.Ad-Hoc|Any CPU.ActiveCfg = Release|x86
		{586A7D10-E3D0-425E-A6E9-ECF4D21CFC60}.Ad-Hoc|Any CPU.Build.0 = Release|x86
		{586A7D10-E3D0-425E-A6E9-ECF4D21CFC60}.Ad-Hoc|Any CPU.Deploy.0 = Release|x86
		{586A7D10-E3D0-425E-A6E9-ECF4D21CFC60}.Ad-Hoc|ARM.ActiveCfg = Release|ARM
		{586A7D10-E3D0-425E-A6E9-ECF4D21CFC60}.Ad-Hoc|ARM.Build.0 = Release|ARM
		{586A7D10-E3D0-425E-A6E9-ECF4D21CFC60}.Ad-Hoc|ARM.Deploy.0 = Release|ARM
		{586A7D10-E3D0-425E-A6E9-ECF4D21CFC60}.Ad-Hoc|iPhone.ActiveCfg = Release|x86
		{586A7D10-E3D0-425E-A6E9-ECF4D21CFC60}.Ad-Hoc|iPhone.Build.0 = Release|x86
		{586A7D10-E3D0-425E-A6E9-ECF4D21CFC60}.Ad-Hoc|iPhone.Deploy.0 = Release|x86
		{586A7D10-E3D0-425E-A6E9-ECF4D21CFC60}.Ad-Hoc|iPhoneSimulator.ActiveCfg = Release|x86
		{586A7D10-E3D0-425E-A6E9-ECF4D21CFC60}.Ad-Hoc|iPhoneSimulator.Build.0 = Release|x86
		{586A7D10-E3D0-425E-A6E9-ECF4D21CFC60}.Ad-Hoc|iPhoneSimulator.Deploy.0 = Release|x86
		{586A7D10-E3D0-425E-A6E9-ECF4D21CFC60}.Ad-Hoc|x64.ActiveCfg = Release|x64
		{586A7D10-E3D0-425E-A6E9-ECF4D21CFC60}.Ad-Hoc|x64.Build.0 = Release|x64
		{586A7D10-E3D0-425E-A6E9-ECF4D21CFC60}.Ad-Hoc|x64.Deploy.0 = Release|x64
		{586A7D10-E3D0-425E-A6E9-ECF4D21CFC60}.Ad-Hoc|x86.ActiveCfg = Release|x86
		{586A7D10-E3D0-425E-A6E9-ECF4D21CFC60}.Ad-Hoc|x86.Build.0 = Release|x86
		{586A7D10-E3D0-425E-A6E9-ECF4D21CFC60}.Ad-Hoc|x86.Deploy.0 = Release|x86
		{586A7D10-E3D0-425E-A6E9-ECF4D21CFC60}.AppStore|Any CPU.ActiveCfg = Release|x86
		{586A7D10-E3D0-425E-A6E9-ECF4D21CFC60}.AppStore|Any CPU.Build.0 = Release|x86
		{586A7D10-E3D0-425E-A6E9-ECF4D21CFC60}.AppStore|Any CPU.Deploy.0 = Release|x86
		{586A7D10-E3D0-425E-A6E9-ECF4D21CFC60}.AppStore|ARM.ActiveCfg = Release|ARM
		{586A7D10-E3D0-425E-A6E9-ECF4D21CFC60}.AppStore|ARM.Build.0 = Release|ARM
		{586A7D10-E3D0-425E-A6E9-ECF4D21CFC60}.AppStore|ARM.Deploy.0 = Release|ARM
		{586A7D10-E3D0-425E-A6E9-ECF4D21CFC60}.AppStore|iPhone.ActiveCfg = Release|x86
		{586A7D10-E3D0-425E-A6E9-ECF4D21CFC60}.AppStore|iPhone.Build.0 = Release|x86
		{586A7D10-E3D0-425E-A6E9-ECF4D21CFC60}.AppStore|iPhone.Deploy.0 = Release|x86
		{586A7D10-E3D0-425E-A6E9-ECF4D21CFC60}.AppStore|iPhoneSimulator.ActiveCfg = Release|x86
		{586A7D10-E3D0-425E-A6E9-ECF4D21CFC60}.AppStore|iPhoneSimulator.Build.0 = Release|x86
		{586A7D10-E3D0-425E-A6E9-ECF4D21CFC60}.AppStore|iPhoneSimulator.Deploy.0 = Release|x86
		{586A7D10-E3D0-425E-A6E9-ECF4D21CFC60}.AppStore|x64.ActiveCfg = Release|x64
		{586A7D10-E3D0-425E-A6E9-ECF4D21CFC60}.AppStore|x64.Build.0 = Release|x64
		{586A7D10-E3D0-425E-A6E9-ECF4D21CFC60}.AppStore|x64.Deploy.0 = Release|x64
		{586A7D10-E3D0-425E-A6E9-ECF4D21CFC60}.AppStore|x86.ActiveCfg = Release|x86
		{586A7D10-E3D0-425E-A6E9-ECF4D21CFC60}.AppStore|x86.Build.0 = Release|x86
		{586A7D10-E3D0-425E-A6E9-ECF4D21CFC60}.AppStore|x86.Deploy.0 = Release|x86
		{586A7D10-E3D0-425E-A6E9-ECF4D21CFC60}.Debug|Any CPU.ActiveCfg = Debug|x86
		{586A7D10-E3D0-425E-A6E9-ECF4D21CFC60}.Debug|Any CPU.Build.0 = Debug|x86
		{586A7D10-E3D0-425E-A6E9-ECF4D21CFC60}.Debug|Any CPU.Deploy.0 = Debug|x86
		{586A7D10-E3D0-425E-A6E9-ECF4D21CFC60}.Debug|ARM.ActiveCfg = Debug|ARM
		{586A7D10-E3D0-425E-A6E9-ECF4D21CFC60}.Debug|ARM.Build.0 = Debug|ARM
		{586A7D10-E3D0-425E-A6E9-ECF4D21CFC60}.Debug|ARM.Deploy.0 = Debug|ARM
		{586A7D10-E3D0-425E-A6E9-ECF4D21CFC60}.Debug|iPhone.ActiveCfg = Debug|x86
		{586A7D10-E3D0-425E-A6E9-ECF4D21CFC60}.Debug|iPhone.Build.0 = Debug|x86
		{586A7D10-E3D0-425E-A6E9-ECF4D21CFC60}.Debug|iPhone.Deploy.0 = Debug|x86
		{586A7D10-E3D0-425E-A6E9-ECF4D21CFC60}.Debug|iPhoneSimulator.ActiveCfg = Debug|x86
		{586A7D10-E3D0-425E-A6E9-ECF4D21CFC60}.Debug|iPhoneSimulator.Build.0 = Debug|x86
		{586A7D10-E3D0-425E-A6E9-ECF4D21CFC60}.Debug|iPhoneSimulator.Deploy.0 = Debug|x86
		{586A7D10-E3D0-425E-A6E9-ECF4D21CFC60}.Debug|x64.ActiveCfg = Debug|x64
		{586A7D10-E3D0-425E-A6E9-ECF4D21CFC60}.Debug|x64.Build.0 = Debug|x64
		{586A7D10-E3D0-425E-A6E9-ECF4D21CFC60}.Debug|x64.Deploy.0 = Debug|x64
		{586A7D10-E3D0-425E-A6E9-ECF4D21CFC60}.Debug|x86.ActiveCfg = Debug|x86
		{586A7D10-E3D0-425E-A6E9-ECF4D21CFC60}.Debug|x86.Build.0 = Debug|x86
		{586A7D10-E3D0-425E-A6E9-ECF4D21CFC60}.Debug|x86.Deploy.0 = Debug|x86
		{586A7D10-E3D0-425E-A6E9-ECF4D21CFC60}.Release|Any CPU.ActiveCfg = Release|x86
		{586A7D10-E3D0-425E-A6E9-ECF4D21CFC60}.Release|Any CPU.Build.0 = Release|x86
		{586A7D10-E3D0-425E-A6E9-ECF4D21CFC60}.Release|Any CPU.Deploy.0 = Release|x86
		{586A7D10-E3D0-425E-A6E9-ECF4D21CFC60}.Release|ARM.ActiveCfg = Release|ARM
		{586A7D10-E3D0-425E-A6E9-ECF4D21CFC60}.Release|ARM.Build.0 = Release|ARM
		{586A7D10-E3D0-425E-A6E9-ECF4D21CFC60}.Release|ARM.Deploy.0 = Release|ARM
		{586A7D10-E3D0-425E-A6E9-ECF4D21CFC60}.Release|iPhone.ActiveCfg = Release|x86
		{586A7D10-E3D0-425E-A6E9-ECF4D21CFC60}.Release|iPhone.Build.0 = Release|x86
		{586A7D10-E3D0-425E-A6E9-ECF4D21CFC60}.Release|iPhone.Deploy.0 = Release|x86
		{586A7D10-E3D0-425E-A6E9-ECF4D21CFC60}.Release|iPhoneSimulator.ActiveCfg = Release|x86
		{586A7D10-E3D0-425E-A6E9-ECF4D21CFC60}.Release|iPhoneSimulator.Build.0 = Release|x86
		{586A7D10-E3D0-425E-A6E9-ECF4D21CFC60}.Release|iPhoneSimulator.Deploy.0 = Release|x86
		{586A7D10-E3D0-425E-A6E9-ECF4D21CFC60}.Release|x64.ActiveCfg = Release|x64
		{586A7D10-E3D0-425E-A6E9-ECF4D21CFC60}.Release|x64.Build.0 = Release|x64
		{586A7D10-E3D0-425E-A6E9-ECF4D21CFC60}.Release|x64.Deploy.0 = Release|x64
		{586A7D10-E3D0-425E-A6E9-ECF4D21CFC60}.Release|x86.ActiveCfg = Release|x86
		{586A7D10-E3D0-425E-A6E9-ECF4D21CFC60}.Release|x86.Build.0 = Release|x86
		{586A7D10-E3D0-425E-A6E9-ECF4D21CFC60}.Release|x86.Deploy.0 = Release|x86
		{B5E7C52F-487F-4299-905F-13560A3B890B}.Ad-Hoc|Any CPU.ActiveCfg = Debug|Any CPU
		{B5E7C52F-487F-4299-905F-13560A3B890B}.Ad-Hoc|Any CPU.Build.0 = Debug|Any CPU
		{B5E7C52F-487F-4299-905F-13560A3B890B}.Ad-Hoc|Any CPU.Deploy.0 = Debug|Any CPU
		{B5E7C52F-487F-4299-905F-13560A3B890B}.Ad-Hoc|ARM.ActiveCfg = Debug|Any CPU
		{B5E7C52F-487F-4299-905F-13560A3B890B}.Ad-Hoc|ARM.Build.0 = Debug|Any CPU
		{B5E7C52F-487F-4299-905F-13560A3B890B}.Ad-Hoc|ARM.Deploy.0 = Debug|Any CPU
		{B5E7C52F-487F-4299-905F-13560A3B890B}.Ad-Hoc|iPhone.ActiveCfg = Debug|Any CPU
		{B5E7C52F-487F-4299-905F-13560A3B890B}.Ad-Hoc|iPhone.Build.0 = Debug|Any CPU
		{B5E7C52F-487F-4299-905F-13560A3B890B}.Ad-Hoc|iPhone.Deploy.0 = Debug|Any CPU
		{B5E7C52F-487F-4299-905F-13560A3B890B}.Ad-Hoc|iPhoneSimulator.ActiveCfg = Debug|Any CPU
		{B5E7C52F-487F-4299-905F-13560A3B890B}.Ad-Hoc|iPhoneSimulator.Build.0 = Debug|Any CPU
		{B5E7C52F-487F-4299-905F-13560A3B890B}.Ad-Hoc|iPhoneSimulator.Deploy.0 = Debug|Any CPU
		{B5E7C52F-487F-4299-905F-13560A3B890B}.Ad-Hoc|x64.ActiveCfg = Debug|Any CPU
		{B5E7C52F-487F-4299-905F-13560A3B890B}.Ad-Hoc|x64.Build.0 = Debug|Any CPU
		{B5E7C52F-487F-4299-905F-13560A3B890B}.Ad-Hoc|x64.Deploy.0 = Debug|Any CPU
		{B5E7C52F-487F-4299-905F-13560A3B890B}.Ad-Hoc|x86.ActiveCfg = Debug|Any CPU
		{B5E7C52F-487F-4299-905F-13560A3B890B}.Ad-Hoc|x86.Build.0 = Debug|Any CPU
		{B5E7C52F-487F-4299-905F-13560A3B890B}.Ad-Hoc|x86.Deploy.0 = Debug|Any CPU
		{B5E7C52F-487F-4299-905F-13560A3B890B}.AppStore|Any CPU.ActiveCfg = Debug|Any CPU
		{B5E7C52F-487F-4299-905F-13560A3B890B}.AppStore|Any CPU.Build.0 = Debug|Any CPU
		{B5E7C52F-487F-4299-905F-13560A3B890B}.AppStore|Any CPU.Deploy.0 = Debug|Any CPU
		{B5E7C52F-487F-4299-905F-13560A3B890B}.AppStore|ARM.ActiveCfg = Debug|Any CPU
		{B5E7C52F-487F-4299-905F-13560A3B890B}.AppStore|ARM.Build.0 = Debug|Any CPU
		{B5E7C52F-487F-4299-905F-13560A3B890B}.AppStore|ARM.Deploy.0 = Debug|Any CPU
		{B5E7C52F-487F-4299-905F-13560A3B890B}.AppStore|iPhone.ActiveCfg = Debug|Any CPU
		{B5E7C52F-487F-4299-905F-13560A3B890B}.AppStore|iPhone.Build.0 = Debug|Any CPU
		{B5E7C52F-487F-4299-905F-13560A3B890B}.AppStore|iPhone.Deploy.0 = Debug|Any CPU
		{B5E7C52F-487F-4299-905F-13560A3B890B}.AppStore|iPhoneSimulator.ActiveCfg = Debug|Any CPU
		{B5E7C52F-487F-4299-905F-13560A3B890B}.AppStore|iPhoneSimulator.Build.0 = Debug|Any CPU
		{B5E7C52F-487F-4299-905F-13560A3B890B}.AppStore|iPhoneSimulator.Deploy.0 = Debug|Any CPU
		{B5E7C52F-487F-4299-905F-13560A3B890B}.AppStore|x64.ActiveCfg = Debug|Any CPU
		{B5E7C52F-487F-4299-905F-13560A3B890B}.AppStore|x64.Build.0 = Debug|Any CPU
		{B5E7C52F-487F-4299-905F-13560A3B890B}.AppStore|x64.Deploy.0 = Debug|Any CPU
		{B5E7C52F-487F-4299-905F-13560A3B890B}.AppStore|x86.ActiveCfg = Debug|Any CPU
		{B5E7C52F-487F-4299-905F-13560A3B890B}.AppStore|x86.Build.0 = Debug|Any CPU
		{B5E7C52F-487F-4299-905F-13560A3B890B}.AppStore|x86.Deploy.0 = Debug|Any CPU
		{B5E7C52F-487F-4299-905F-13560A3B890B}.Debug|Any CPU.ActiveCfg = Debug|Any CPU
		{B5E7C52F-487F-4299-905F-13560A3B890B}.Debug|Any CPU.Build.0 = Debug|Any CPU
		{B5E7C52F-487F-4299-905F-13560A3B890B}.Debug|Any CPU.Deploy.0 = Debug|Any CPU
		{B5E7C52F-487F-4299-905F-13560A3B890B}.Debug|ARM.ActiveCfg = Debug|Any CPU
		{B5E7C52F-487F-4299-905F-13560A3B890B}.Debug|ARM.Build.0 = Debug|Any CPU
		{B5E7C52F-487F-4299-905F-13560A3B890B}.Debug|ARM.Deploy.0 = Debug|Any CPU
		{B5E7C52F-487F-4299-905F-13560A3B890B}.Debug|iPhone.ActiveCfg = Debug|Any CPU
		{B5E7C52F-487F-4299-905F-13560A3B890B}.Debug|iPhone.Build.0 = Debug|Any CPU
		{B5E7C52F-487F-4299-905F-13560A3B890B}.Debug|iPhone.Deploy.0 = Debug|Any CPU
		{B5E7C52F-487F-4299-905F-13560A3B890B}.Debug|iPhoneSimulator.ActiveCfg = Debug|Any CPU
		{B5E7C52F-487F-4299-905F-13560A3B890B}.Debug|iPhoneSimulator.Build.0 = Debug|Any CPU
		{B5E7C52F-487F-4299-905F-13560A3B890B}.Debug|iPhoneSimulator.Deploy.0 = Debug|Any CPU
		{B5E7C52F-487F-4299-905F-13560A3B890B}.Debug|x64.ActiveCfg = Debug|Any CPU
		{B5E7C52F-487F-4299-905F-13560A3B890B}.Debug|x64.Build.0 = Debug|Any CPU
		{B5E7C52F-487F-4299-905F-13560A3B890B}.Debug|x64.Deploy.0 = Debug|Any CPU
		{B5E7C52F-487F-4299-905F-13560A3B890B}.Debug|x86.ActiveCfg = Debug|Any CPU
		{B5E7C52F-487F-4299-905F-13560A3B890B}.Debug|x86.Build.0 = Debug|Any CPU
		{B5E7C52F-487F-4299-905F-13560A3B890B}.Debug|x86.Deploy.0 = Debug|Any CPU
		{B5E7C52F-487F-4299-905F-13560A3B890B}.Release|Any CPU.ActiveCfg = Release|Any CPU
		{B5E7C52F-487F-4299-905F-13560A3B890B}.Release|Any CPU.Build.0 = Release|Any CPU
		{B5E7C52F-487F-4299-905F-13560A3B890B}.Release|Any CPU.Deploy.0 = Release|Any CPU
		{B5E7C52F-487F-4299-905F-13560A3B890B}.Release|ARM.ActiveCfg = Release|Any CPU
		{B5E7C52F-487F-4299-905F-13560A3B890B}.Release|ARM.Build.0 = Release|Any CPU
		{B5E7C52F-487F-4299-905F-13560A3B890B}.Release|ARM.Deploy.0 = Release|Any CPU
		{B5E7C52F-487F-4299-905F-13560A3B890B}.Release|iPhone.ActiveCfg = Release|Any CPU
		{B5E7C52F-487F-4299-905F-13560A3B890B}.Release|iPhone.Build.0 = Release|Any CPU
		{B5E7C52F-487F-4299-905F-13560A3B890B}.Release|iPhone.Deploy.0 = Release|Any CPU
		{B5E7C52F-487F-4299-905F-13560A3B890B}.Release|iPhoneSimulator.ActiveCfg = Release|Any CPU
		{B5E7C52F-487F-4299-905F-13560A3B890B}.Release|iPhoneSimulator.Build.0 = Release|Any CPU
		{B5E7C52F-487F-4299-905F-13560A3B890B}.Release|iPhoneSimulator.Deploy.0 = Release|Any CPU
		{B5E7C52F-487F-4299-905F-13560A3B890B}.Release|x64.ActiveCfg = Release|Any CPU
		{B5E7C52F-487F-4299-905F-13560A3B890B}.Release|x64.Build.0 = Release|Any CPU
		{B5E7C52F-487F-4299-905F-13560A3B890B}.Release|x64.Deploy.0 = Release|Any CPU
		{B5E7C52F-487F-4299-905F-13560A3B890B}.Release|x86.ActiveCfg = Release|Any CPU
		{B5E7C52F-487F-4299-905F-13560A3B890B}.Release|x86.Build.0 = Release|Any CPU
		{B5E7C52F-487F-4299-905F-13560A3B890B}.Release|x86.Deploy.0 = Release|Any CPU
	EndGlobalSection
	GlobalSection(SolutionProperties) = preSolution
		HideSolutionNode = FALSE
	EndGlobalSection
	GlobalSection(ExtensibilityGlobals) = postSolution
		SolutionGuid = {99BEAD26-1AED-4D45-B13D-9BF0F757221D}
	EndGlobalSection
EndGlobal
